
Microsoft Visual Studio Solution File, Format Version 12.00
# Visual Studio Version 17
VisualStudioVersion = 17.2.32630.192
MinimumVisualStudioVersion = 10.0.40219.1
Project("{FAE04EC0-301F-11D3-BF4B-00C04F79EFBC}") = "MovieNowApp.Android", "MovieNowApp\MovieNowApp.Android\MovieNowApp.Android.csproj", "{6B26B194-11ED-4EC6-80A8-0746474FD59D}"
EndProject
Project("{FAE04EC0-301F-11D3-BF4B-00C04F79EFBC}") = "MovieNowApp", "MovieNowApp\MovieNowApp\MovieNowApp.csproj", "{84D1699E-CEBB-495E-9CF2-CE78ACD97B30}"
EndProject
Global
	GlobalSection(SolutionConfigurationPlatforms) = preSolution
		Debug|Any CPU = Debug|Any CPU
		Release|Any CPU = Release|Any CPU
	EndGlobalSection
	GlobalSection(ProjectConfigurationPlatforms) = postSolution
		{6B26B194-11ED-4EC6-80A8-0746474FD59D}.Debug|Any CPU.ActiveCfg = Debug|Any CPU
		{6B26B194-11ED-4EC6-80A8-0746474FD59D}.Debug|Any CPU.Build.0 = Debug|Any CPU
		{6B26B194-11ED-4EC6-80A8-0746474FD59D}.Debug|Any CPU.Deploy.0 = Debug|Any CPU
		{6B26B194-11ED-4EC6-80A8-0746474FD59D}.Release|Any CPU.ActiveCfg = Release|Any CPU
		{6B26B194-11ED-4EC6-80A8-0746474FD59D}.Release|Any CPU.Build.0 = Release|Any CPU
		{6B26B194-11ED-4EC6-80A8-0746474FD59D}.Release|Any CPU.Deploy.0 = Release|Any CPU
		{84D1699E-CEBB-495E-9CF2-CE78ACD97B30}.Debug|Any CPU.ActiveCfg = Debug|Any CPU
		{84D1699E-CEBB-495E-9CF2-CE78ACD97B30}.Debug|Any CPU.Build.0 = Debug|Any CPU
		{84D1699E-CEBB-495E-9CF2-CE78ACD97B30}.Debug|Any CPU.Deploy.0 = Debug|Any CPU
		{84D1699E-CEBB-495E-9CF2-CE78ACD97B30}.Release|Any CPU.ActiveCfg = Release|Any CPU
		{84D1699E-CEBB-495E-9CF2-CE78ACD97B30}.Release|Any CPU.Build.0 = Release|Any CPU
		{84D1699E-CEBB-495E-9CF2-CE78ACD97B30}.Release|Any CPU.Deploy.0 = Release|Any CPU
	EndGlobalSection
	GlobalSection(SolutionProperties) = preSolution
		HideSolutionNode = FALSE
	EndGlobalSection
	GlobalSection(ExtensibilityGlobals) = postSolution
		SolutionGuid = {5BD7FE34-61CD-4A6E-B67D-13F6624D2B9A}
	EndGlobalSection
EndGlobal
